PODS:
  - file_picker (0.0.1):
    - Flutter
  - Flutter (1.0.0)
  - FMDB (2.7.5):
    - FMDB/standard (= 2.7.5)
  - FMDB/standard (2.7.5)
  - google_maps_flutter (0.0.1):
    - Flutter
    - GoogleMaps
  - GoogleMaps (4.1.0):
    - GoogleMaps/Maps (= 4.1.0)
  - GoogleMaps/Base (4.1.0)
  - GoogleMaps/Maps (4.1.0):
    - GoogleMaps/Base
  - image_picker (0.0.1):
    - Flutter
  - location (0.0.1):
    - Flutter
  - path_provider (0.0.1):
    - Flutter
  - pdf_flutter (0.0.1):
    - Flutter
  - share (0.0.1):
    - Flutter
  - sqflite (0.0.2):
    - Flutter
    - FMDB (>= 2.7.5)

DEPENDENCIES:
  - file_picker (from `.symlinks/plugins/file_picker/ios`)
  - Flutter (from `Flutter`)
  - google_maps_flutter (from `.symlinks/plugins/google_maps_flutter/ios`)
  - image_picker (from `.symlinks/plugins/image_picker/ios`)
  - location (from `.symlinks/plugins/location/ios`)
  - path_provider (from `.symlinks/plugins/path_provider/ios`)
  - pdf_flutter (from `.symlinks/plugins/pdf_flutter/ios`)
  - share (from `.symlinks/plugins/share/ios`)
  - sqflite (from `.symlinks/plugins/sqflite/ios`)

SPEC REPOS:
  trunk:
    - FMDB
    - GoogleMaps

EXTERNAL SOURCES:
  file_picker:
    :path: ".symlinks/plugins/file_picker/ios"
  Flutter:
    :path: Flutter
  google_maps_flutter:
    :path: ".symlinks/plugins/google_maps_flutter/ios"
  image_picker:
    :path: ".symlinks/plugins/image_picker/ios"
  location:
    :path: ".symlinks/plugins/location/ios"
  path_provider:
    :path: ".symlinks/plugins/path_provider/ios"
  pdf_flutter:
    :path: ".symlinks/plugins/pdf_flutter/ios"
  share:
    :path: ".symlinks/plugins/share/ios"
  sqflite:
    :path: ".symlinks/plugins/sqflite/ios"

SPEC CHECKSUMS:
  file_picker: 408623be2125b79a4539cf703be3d4b3abe5e245
  Flutter: 434fef37c0980e73bb6479ef766c45957d4b510c
  FMDB: 2ce00b547f966261cd18927a3ddb07cb6f3db82a
  google_maps_flutter: df4e7de95264aa0a2f11aac0fc7e313acb8ffc7e
  GoogleMaps: 008e2c80e38605b56b560e8deb73d4194ff30bef
  image_picker: e3eacd46b94694dde7cf2705955cece853aa1a8f
  location: 3a2eed4dd2fab25e7b7baf2a9efefe82b512d740
  path_provider: abfe2b5c733d04e238b0d8691db0cfd63a27a93c
  pdf_flutter: 975efa07fd0d4ca38fcf76af2c4e7dab949feb8e
  share: 0b2c3e82132f5888bccca3351c504d0003b3b410
  sqflite: 6d358c025f5b867b29ed92fc697fd34924e11904

PODFILE CHECKSUM: aafe91acc616949ddb318b77800a7f51bffa2a4c

COCOAPODS: 1.10.1
